
Microsoft Visual Studio Solution File, Format Version 12.00
# Visual Studio Version 17
VisualStudioVersion = 17.1.32414.318
MinimumVisualStudioVersion = 10.0.40219.1
Project("{FAE04EC0-301F-11D3-BF4B-00C04F79EFBC}") = "BogaziciBarkodluSatis", "BogaziciBarkodluSatis\BogaziciBarkodluSatis.csproj", "{4D6276CF-CF31-4F50-B0FC-8F4DECDB149A}"
EndProject
Global
	GlobalSection(SolutionConfigurationPlatforms) = preSolution
		Debug|Any CPU = Debug|Any CPU
		Release|Any CPU = Release|Any CPU
	EndGlobalSection
	GlobalSection(ProjectConfigurationPlatforms) = postSolution
		{4D6276CF-CF31-4F50-B0FC-8F4DECDB149A}.Debug|Any CPU.ActiveCfg = Debug|Any CPU
		{4D6276CF-CF31-4F50-B0FC-8F4DECDB149A}.Debug|Any CPU.Build.0 = Debug|Any CPU
		{4D6276CF-CF31-4F50-B0FC-8F4DECDB149A}.Release|Any CPU.ActiveCfg = Release|Any CPU
		{4D6276CF-CF31-4F50-B0FC-8F4DECDB149A}.Release|Any CPU.Build.0 = Release|Any CPU
	EndGlobalSection
	GlobalSection(SolutionProperties) = preSolution
		HideSolutionNode = FALSE
	EndGlobalSection
	GlobalSection(ExtensibilityGlobals) = postSolution
		SolutionGuid = {7785E193-2073-469D-9423-736F49DBECFE}
	EndGlobalSection
EndGlobal
